
Microsoft Visual Studio Solution File, Format Version 12.00
# Visual Studio Version 17
VisualStudioVersion = 17.0.31521.260
MinimumVisualStudioVersion = 10.0.40219.1
Project("{FAE04EC0-301F-11D3-BF4B-00C04F79EFBC}") = "USSDAPP", "USSDAPP\USSDAPP.csproj", "{2BC97A13-379C-4EC5-BCCA-2EE0FA27FD05}"
EndProject
Global
	GlobalSection(SolutionConfigurationPlatforms) = preSolution
		Debug|Any CPU = Debug|Any CPU
		Release|Any CPU = Release|Any CPU
	EndGlobalSection
	GlobalSection(ProjectConfigurationPlatforms) = postSolution
		{2BC97A13-379C-4EC5-BCCA-2EE0FA27FD05}.Debug|Any CPU.ActiveCfg = Debug|Any CPU
		{2BC97A13-379C-4EC5-BCCA-2EE0FA27FD05}.Debug|Any CPU.Build.0 = Debug|Any CPU
		{2BC97A13-379C-4EC5-BCCA-2EE0FA27FD05}.Release|Any CPU.ActiveCfg = Release|Any CPU
		{2BC97A13-379C-4EC5-BCCA-2EE0FA27FD05}.Release|Any CPU.Build.0 = Release|Any CPU
	EndGlobalSection
	GlobalSection(SolutionProperties) = preSolution
		HideSolutionNode = FALSE
	EndGlobalSection
	GlobalSection(ExtensibilityGlobals) = postSolution
		SolutionGuid = {6A652CAF-C783-47D9-B565-B73BAD4AB7E4}
	EndGlobalSection
EndGlobal
